Microsoft Visual Studio Solution File, Format Version 12.00
# Visual Studio Version 17
VisualStudioVersion = 17.0.31903.59
MinimumVisualStudioVersion = 10.0.40219.1
Project("{FAE04EC0-301F-11D3-BF4B-00C04F79EFBC}") = "CollectFlow.Api", "src\CollectFlow.Api\CollectFlow.Api.csproj", "{0E570255-B293-41DF-BD4F-A1B68C0420A1}"
EndProject
Project("{FAE04EC0-301F-11D3-BF4B-00C04F79EFBC}") = "CollectFlow.Application", "src\CollectFlow.Application\CollectFlow.Application.csproj", "{A6E6D140-3E0B-49C6-B8EA-CCDF0E218D1D}"
EndProject
Project("{FAE04EC0-301F-11D3-BF4B-00C04F79EFBC}") = "CollectFlow.Domain", "src\CollectFlow.Domain\CollectFlow.Domain.csproj", "{D7D5549D-B38F-4147-90F7-0766B8BC088A}"
EndProject
Project("{FAE04EC0-301F-11D3-BF4B-00C04F79EFBC}") = "CollectFlow.Infrastructure", "src\CollectFlow.Infrastructure\CollectFlow.Infrastructure.csproj", "{A2BB6820-DA79-4C3A-B083-5248C1575B6D}"
EndProject
Global
EndGlobal
